
Microsoft Visual Studio Solution File, Format Version 12.00
Project("{FAE04EC0-301F-11D3-BF4B-00C04F79EFBC}") = "ExtraCredit", "ExtraCredit\ExtraCredit.csproj", "{8797D72F-124C-42AF-9DB7-4ECD5E560F2B}"
EndProject
Global
	GlobalSection(SolutionConfigurationPlatforms) = preSolution
		Debug|Any CPU = Debug|Any CPU
		Release|Any CPU = Release|Any CPU
	EndGlobalSection
	GlobalSection(ProjectConfigurationPlatforms) = postSolution
		{8797D72F-124C-42AF-9DB7-4ECD5E560F2B}.Debug|Any CPU.ActiveCfg = Debug|Any CPU
		{8797D72F-124C-42AF-9DB7-4ECD5E560F2B}.Debug|Any CPU.Build.0 = Debug|Any CPU
		{8797D72F-124C-42AF-9DB7-4ECD5E560F2B}.Release|Any CPU.ActiveCfg = Release|Any CPU
		{8797D72F-124C-42AF-9DB7-4ECD5E560F2B}.Release|Any CPU.Build.0 = Release|Any CPU
	EndGlobalSection
EndGlobal
